
Microsoft Visual Studio Solution File, Format Version 12.00
# Visual Studio Version 16
VisualStudioVersion = 16.0.30320.27
MinimumVisualStudioVersion = 10.0.40219.1
Project("{FAE04EC0-301F-11D3-BF4B-00C04F79EFBC}") = "FakeBinary", "FakeBinary\FakeBinary.csproj", "{EF3F155F-6EC3-49FA-BC9E-3BE427F82D90}"
EndProject
Global
	GlobalSection(SolutionConfigurationPlatforms) = preSolution
		Debug|Any CPU = Debug|Any CPU
		Release|Any CPU = Release|Any CPU
	EndGlobalSection
	GlobalSection(ProjectConfigurationPlatforms) = postSolution
		{EF3F155F-6EC3-49FA-BC9E-3BE427F82D90}.Debug|Any CPU.ActiveCfg = Debug|Any CPU
		{EF3F155F-6EC3-49FA-BC9E-3BE427F82D90}.Debug|Any CPU.Build.0 = Debug|Any CPU
		{EF3F155F-6EC3-49FA-BC9E-3BE427F82D90}.Release|Any CPU.ActiveCfg = Release|Any CPU
		{EF3F155F-6EC3-49FA-BC9E-3BE427F82D90}.Release|Any CPU.Build.0 = Release|Any CPU
	EndGlobalSection
	GlobalSection(SolutionProperties) = preSolution
		HideSolutionNode = FALSE
	EndGlobalSection
	GlobalSection(ExtensibilityGlobals) = postSolution
		SolutionGuid = {8D939665-C1E3-4D4B-81B7-B1816B9D52A5}
	EndGlobalSection
EndGlobal
