
Microsoft Visual Studio Solution File, Format Version 12.00
# Visual Studio 15
Project("{FAE04EC0-301F-11D3-BF4B-00C04F79EFBC}") = "LinkedList", "LinkedList\LinkedList.csproj", "{8874F4E6-3BB6-43F6-B8CD-3D6EBEE5E5DD}"
EndProject
Project("{FAE04EC0-301F-11D3-BF4B-00C04F79EFBC}") = "TestUnit", "TestUnit\TestUnit.csproj", "{31AE76A7-8A69-439C-A4C1-D22169652AD5}"
EndProject
Global
	GlobalSection(SolutionConfigurationPlatforms) = preSolution
		Debug|Any CPU = Debug|Any CPU
		Release|Any CPU = Release|Any CPU
	EndGlobalSection
	GlobalSection(ProjectConfigurationPlatforms) = postSolution
		{8874F4E6-3BB6-43F6-B8CD-3D6EBEE5E5DD}.Debug|Any CPU.ActiveCfg = Debug|Any CPU
		{8874F4E6-3BB6-43F6-B8CD-3D6EBEE5E5DD}.Debug|Any CPU.Build.0 = Debug|Any CPU
		{8874F4E6-3BB6-43F6-B8CD-3D6EBEE5E5DD}.Release|Any CPU.ActiveCfg = Release|Any CPU
		{8874F4E6-3BB6-43F6-B8CD-3D6EBEE5E5DD}.Release|Any CPU.Build.0 = Release|Any CPU
		{31AE76A7-8A69-439C-A4C1-D22169652AD5}.Debug|Any CPU.ActiveCfg = Debug|Any CPU
		{31AE76A7-8A69-439C-A4C1-D22169652AD5}.Debug|Any CPU.Build.0 = Debug|Any CPU
		{31AE76A7-8A69-439C-A4C1-D22169652AD5}.Release|Any CPU.ActiveCfg = Release|Any CPU
		{31AE76A7-8A69-439C-A4C1-D22169652AD5}.Release|Any CPU.Build.0 = Release|Any CPU
	EndGlobalSection
EndGlobal
