
Microsoft Visual Studio Solution File, Format Version 12.00
# Visual Studio 15
Project("{FAE04EC0-301F-11D3-BF4B-00C04F79EFBC}") = "LLImplementation", "LLImplementation\LLImplementation.csproj", "{5868BA02-ABC3-43B8-BC07-CF9C1B245A68}"
EndProject
Project("{FAE04EC0-301F-11D3-BF4B-00C04F79EFBC}") = "LLTestUnit", "LLTestUnit\LLTestUnit.csproj", "{610027EF-7968-4E6C-9DDE-A1CBA73326FE}"
EndProject
Global
	GlobalSection(SolutionConfigurationPlatforms) = preSolution
		Debug|Any CPU = Debug|Any CPU
		Release|Any CPU = Release|Any CPU
	EndGlobalSection
	GlobalSection(ProjectConfigurationPlatforms) = postSolution
		{5868BA02-ABC3-43B8-BC07-CF9C1B245A68}.Debug|Any CPU.ActiveCfg = Debug|Any CPU
		{5868BA02-ABC3-43B8-BC07-CF9C1B245A68}.Debug|Any CPU.Build.0 = Debug|Any CPU
		{5868BA02-ABC3-43B8-BC07-CF9C1B245A68}.Release|Any CPU.ActiveCfg = Release|Any CPU
		{5868BA02-ABC3-43B8-BC07-CF9C1B245A68}.Release|Any CPU.Build.0 = Release|Any CPU
		{610027EF-7968-4E6C-9DDE-A1CBA73326FE}.Debug|Any CPU.ActiveCfg = Debug|Any CPU
		{610027EF-7968-4E6C-9DDE-A1CBA73326FE}.Debug|Any CPU.Build.0 = Debug|Any CPU
		{610027EF-7968-4E6C-9DDE-A1CBA73326FE}.Release|Any CPU.ActiveCfg = Release|Any CPU
		{610027EF-7968-4E6C-9DDE-A1CBA73326FE}.Release|Any CPU.Build.0 = Release|Any CPU
	EndGlobalSection
EndGlobal
