
Microsoft Visual Studio Solution File, Format Version 12.00
# Visual Studio 15
Project("{FAE04EC0-301F-11D3-BF4B-00C04F79EFBC}") = "BinarySearch", "BinarySearch\BinarySearch.csproj", "{5C59A905-2A90-4447-ADAE-66C0596ABE05}"
EndProject
Project("{FAE04EC0-301F-11D3-BF4B-00C04F79EFBC}") = "BinaryTest", "BinaryTest\BinaryTest.csproj", "{64C2D7EC-A89D-4102-9C34-1E5435C8BA8C}"
EndProject
Global
	GlobalSection(SolutionConfigurationPlatforms) = preSolution
		Debug|Any CPU = Debug|Any CPU
		Release|Any CPU = Release|Any CPU
	EndGlobalSection
	GlobalSection(ProjectConfigurationPlatforms) = postSolution
		{5C59A905-2A90-4447-ADAE-66C0596ABE05}.Debug|Any CPU.ActiveCfg = Debug|Any CPU
		{5C59A905-2A90-4447-ADAE-66C0596ABE05}.Debug|Any CPU.Build.0 = Debug|Any CPU
		{5C59A905-2A90-4447-ADAE-66C0596ABE05}.Release|Any CPU.ActiveCfg = Release|Any CPU
		{5C59A905-2A90-4447-ADAE-66C0596ABE05}.Release|Any CPU.Build.0 = Release|Any CPU
		{64C2D7EC-A89D-4102-9C34-1E5435C8BA8C}.Debug|Any CPU.ActiveCfg = Debug|Any CPU
		{64C2D7EC-A89D-4102-9C34-1E5435C8BA8C}.Debug|Any CPU.Build.0 = Debug|Any CPU
		{64C2D7EC-A89D-4102-9C34-1E5435C8BA8C}.Release|Any CPU.ActiveCfg = Release|Any CPU
		{64C2D7EC-A89D-4102-9C34-1E5435C8BA8C}.Release|Any CPU.Build.0 = Release|Any CPU
	EndGlobalSection
EndGlobal
