
Microsoft Visual Studio Solution File, Format Version 12.00
# Visual Studio 15
Project("{FAE04EC0-301F-11D3-BF4B-00C04F79EFBC}") = "RepeatedWord", "RepeatedWord\RepeatedWord.csproj", "{B194DCE4-FD71-4B64-A49B-63A4DBCDF6BF}"
EndProject
Global
	GlobalSection(SolutionConfigurationPlatforms) = preSolution
		Debug|Any CPU = Debug|Any CPU
		Release|Any CPU = Release|Any CPU
	EndGlobalSection
	GlobalSection(ProjectConfigurationPlatforms) = postSolution
		{B194DCE4-FD71-4B64-A49B-63A4DBCDF6BF}.Debug|Any CPU.ActiveCfg = Debug|Any CPU
		{B194DCE4-FD71-4B64-A49B-63A4DBCDF6BF}.Debug|Any CPU.Build.0 = Debug|Any CPU
		{B194DCE4-FD71-4B64-A49B-63A4DBCDF6BF}.Release|Any CPU.ActiveCfg = Release|Any CPU
		{B194DCE4-FD71-4B64-A49B-63A4DBCDF6BF}.Release|Any CPU.Build.0 = Release|Any CPU
	EndGlobalSection
EndGlobal
