
Microsoft Visual Studio Solution File, Format Version 12.00
# Visual Studio 15
Project("{FAE04EC0-301F-11D3-BF4B-00C04F79EFBC}") = "TableHash", "TableHash\TableHash.csproj", "{01333C86-1B31-45FA-9CD6-51B039B97F4E}"
EndProject
Project("{FAE04EC0-301F-11D3-BF4B-00C04F79EFBC}") = "HashTest", "HashTest\HashTest.csproj", "{D136845A-0171-4D67-97B6-DF90B82FB7C1}"
EndProject
Global
	GlobalSection(SolutionConfigurationPlatforms) = preSolution
		Debug|Any CPU = Debug|Any CPU
		Release|Any CPU = Release|Any CPU
	EndGlobalSection
	GlobalSection(ProjectConfigurationPlatforms) = postSolution
		{01333C86-1B31-45FA-9CD6-51B039B97F4E}.Debug|Any CPU.ActiveCfg = Debug|Any CPU
		{01333C86-1B31-45FA-9CD6-51B039B97F4E}.Debug|Any CPU.Build.0 = Debug|Any CPU
		{01333C86-1B31-45FA-9CD6-51B039B97F4E}.Release|Any CPU.ActiveCfg = Release|Any CPU
		{01333C86-1B31-45FA-9CD6-51B039B97F4E}.Release|Any CPU.Build.0 = Release|Any CPU
		{D136845A-0171-4D67-97B6-DF90B82FB7C1}.Debug|Any CPU.ActiveCfg = Debug|Any CPU
		{D136845A-0171-4D67-97B6-DF90B82FB7C1}.Debug|Any CPU.Build.0 = Debug|Any CPU
		{D136845A-0171-4D67-97B6-DF90B82FB7C1}.Release|Any CPU.ActiveCfg = Release|Any CPU
		{D136845A-0171-4D67-97B6-DF90B82FB7C1}.Release|Any CPU.Build.0 = Release|Any CPU
	EndGlobalSection
EndGlobal
