
Microsoft Visual Studio Solution File, Format Version 12.00
# Visual Studio 15
Project("{FAE04EC0-301F-11D3-BF4B-00C04F79EFBC}") = "StacksAndQueues", "StacksAndQueues\StacksAndQueues.csproj", "{6B7AF732-C061-484D-802D-029381E51A89}"
EndProject
Project("{FAE04EC0-301F-11D3-BF4B-00C04F79EFBC}") = "StackNQueueTest", "StackNQueueTest\StackNQueueTest.csproj", "{9B8B04DF-11E3-4F75-ABE3-96DDF3D71DE6}"
EndProject
Global
	GlobalSection(SolutionConfigurationPlatforms) = preSolution
		Debug|Any CPU = Debug|Any CPU
		Release|Any CPU = Release|Any CPU
	EndGlobalSection
	GlobalSection(ProjectConfigurationPlatforms) = postSolution
		{6B7AF732-C061-484D-802D-029381E51A89}.Debug|Any CPU.ActiveCfg = Debug|Any CPU
		{6B7AF732-C061-484D-802D-029381E51A89}.Debug|Any CPU.Build.0 = Debug|Any CPU
		{6B7AF732-C061-484D-802D-029381E51A89}.Release|Any CPU.ActiveCfg = Release|Any CPU
		{6B7AF732-C061-484D-802D-029381E51A89}.Release|Any CPU.Build.0 = Release|Any CPU
		{9B8B04DF-11E3-4F75-ABE3-96DDF3D71DE6}.Debug|Any CPU.ActiveCfg = Debug|Any CPU
		{9B8B04DF-11E3-4F75-ABE3-96DDF3D71DE6}.Debug|Any CPU.Build.0 = Debug|Any CPU
		{9B8B04DF-11E3-4F75-ABE3-96DDF3D71DE6}.Release|Any CPU.ActiveCfg = Release|Any CPU
		{9B8B04DF-11E3-4F75-ABE3-96DDF3D71DE6}.Release|Any CPU.Build.0 = Release|Any CPU
	EndGlobalSection
EndGlobal
