
Microsoft Visual Studio Solution File, Format Version 12.00
# Visual Studio 15
Project("{FAE04EC0-301F-11D3-BF4B-00C04F79EFBC}") = "MergeSort", "MergeSort\MergeSort.csproj", "{B1CD0C7C-0026-44E0-8072-8C6D24DE704B}"
EndProject
Project("{FAE04EC0-301F-11D3-BF4B-00C04F79EFBC}") = "MergeSortTest", "MergeSortTest\MergeSortTest.csproj", "{8A872F3F-60D1-4AE2-A5F4-C629417AD8D8}"
EndProject
Global
	GlobalSection(SolutionConfigurationPlatforms) = preSolution
		Debug|Any CPU = Debug|Any CPU
		Release|Any CPU = Release|Any CPU
	EndGlobalSection
	GlobalSection(ProjectConfigurationPlatforms) = postSolution
		{B1CD0C7C-0026-44E0-8072-8C6D24DE704B}.Debug|Any CPU.ActiveCfg = Debug|Any CPU
		{B1CD0C7C-0026-44E0-8072-8C6D24DE704B}.Debug|Any CPU.Build.0 = Debug|Any CPU
		{B1CD0C7C-0026-44E0-8072-8C6D24DE704B}.Release|Any CPU.ActiveCfg = Release|Any CPU
		{B1CD0C7C-0026-44E0-8072-8C6D24DE704B}.Release|Any CPU.Build.0 = Release|Any CPU
		{8A872F3F-60D1-4AE2-A5F4-C629417AD8D8}.Debug|Any CPU.ActiveCfg = Debug|Any CPU
		{8A872F3F-60D1-4AE2-A5F4-C629417AD8D8}.Debug|Any CPU.Build.0 = Debug|Any CPU
		{8A872F3F-60D1-4AE2-A5F4-C629417AD8D8}.Release|Any CPU.ActiveCfg = Release|Any CPU
		{8A872F3F-60D1-4AE2-A5F4-C629417AD8D8}.Release|Any CPU.Build.0 = Release|Any CPU
	EndGlobalSection
EndGlobal
