
Microsoft Visual Studio Solution File, Format Version 12.00
# Visual Studio 15
Project("{FAE04EC0-301F-11D3-BF4B-00C04F79EFBC}") = "TreeCompare", "TreeCompare\TreeCompare.csproj", "{7C3445B4-E59E-41A9-B3E4-77490D05F1EC}"
EndProject
Project("{FAE04EC0-301F-11D3-BF4B-00C04F79EFBC}") = "CompareTesting", "CompareTesting\CompareTesting.csproj", "{5E6A2139-3C90-4B11-B361-2043E45E62B1}"
EndProject
Global
	GlobalSection(SolutionConfigurationPlatforms) = preSolution
		Debug|Any CPU = Debug|Any CPU
		Release|Any CPU = Release|Any CPU
	EndGlobalSection
	GlobalSection(ProjectConfigurationPlatforms) = postSolution
		{7C3445B4-E59E-41A9-B3E4-77490D05F1EC}.Debug|Any CPU.ActiveCfg = Debug|Any CPU
		{7C3445B4-E59E-41A9-B3E4-77490D05F1EC}.Debug|Any CPU.Build.0 = Debug|Any CPU
		{7C3445B4-E59E-41A9-B3E4-77490D05F1EC}.Release|Any CPU.ActiveCfg = Release|Any CPU
		{7C3445B4-E59E-41A9-B3E4-77490D05F1EC}.Release|Any CPU.Build.0 = Release|Any CPU
		{5E6A2139-3C90-4B11-B361-2043E45E62B1}.Debug|Any CPU.ActiveCfg = Debug|Any CPU
		{5E6A2139-3C90-4B11-B361-2043E45E62B1}.Debug|Any CPU.Build.0 = Debug|Any CPU
		{5E6A2139-3C90-4B11-B361-2043E45E62B1}.Release|Any CPU.ActiveCfg = Release|Any CPU
		{5E6A2139-3C90-4B11-B361-2043E45E62B1}.Release|Any CPU.Build.0 = Release|Any CPU
	EndGlobalSection
EndGlobal
